
Microsoft Visual Studio Solution File, Format Version 12.00
# Visual Studio Version 16
VisualStudioVersion = 16.0.29613.14
MinimumVisualStudioVersion = 10.0.40219.1
Project("{FAE04EC0-301F-11D3-BF4B-00C04F79EFBC}") = "ScreenSizeModifier", "ScreenSizeModifier\ScreenSizeModifier.csproj", "{F721C2F4-6F7F-499C-A286-324E3A058999}"
EndProject
Global
	GlobalSection(SolutionConfigurationPlatforms) = preSolution
		Debug|Any CPU = Debug|Any CPU
		Release|Any CPU = Release|Any CPU
	EndGlobalSection
	GlobalSection(ProjectConfigurationPlatforms) = postSolution
		{F721C2F4-6F7F-499C-A286-324E3A058999}.Debug|Any CPU.ActiveCfg = Debug|Any CPU
		{F721C2F4-6F7F-499C-A286-324E3A058999}.Debug|Any CPU.Build.0 = Debug|Any CPU
		{F721C2F4-6F7F-499C-A286-324E3A058999}.Release|Any CPU.ActiveCfg = Release|Any CPU
		{F721C2F4-6F7F-499C-A286-324E3A058999}.Release|Any CPU.Build.0 = Release|Any CPU
	EndGlobalSection
	GlobalSection(SolutionProperties) = preSolution
		HideSolutionNode = FALSE
	EndGlobalSection
	GlobalSection(ExtensibilityGlobals) = postSolution
		SolutionGuid = {01EDC4A8-A674-4653-B350-C07B73B76330}
	EndGlobalSection
EndGlobal
